<?xml version="1.0" encoding="UTF-8" standalone="yes" ?>
<CodeBlocks_project_file>
	<FileVersion major="1" minor="6" />
	<Project>
		<Option title="pcd2laz" />
		<Option pch_mode="2" />
		<Option compiler="gcc" />
		<Build>
			<Target title="Debug">
				<Option output="bin/Debug/pcd2laz" prefix_auto="1" extension_auto="1" />
				<Option object_output="obj/Debug/" />
				<Option type="1" />
				<Option compiler="gcc" />
				<Compiler>
					<Add option="-g" />
				</Compiler>
			</Target>
			<Target title="Release">
				<Option output="bin/Release/pcd2laz" prefix_auto="1" extension_auto="1" />
				<Option object_output="obj/Release/" />
				<Option type="1" />
				<Option compiler="gcc" />
				<Compiler>
					<Add option="-O2" />
				</Compiler>
				<Linker>
					<Add option="-s" />
				</Linker>
			</Target>
		</Build>
		<Compiler>
			<Add option="-Wall" />
			<Add option="-fexceptions" />
			<Add directory="/usr/include/eigen3" />
			<Add directory="/usr/include/pcl-1.7" />
			<Add directory="/usr/include/pcl-1.7/pcl/surface" />
			<Add directory="/usr/include/vtk-6.2" />
			<Add directory="LASlib/inc" />
			<Add directory="LASzip/src" />
		</Compiler>
		<Linker>
			<Add library="/usr/lib/x86_64-linux-gnu/libvtkalglib-6.2.so" />
			<Add library="/usr/lib/x86_64-linux-gnu/libvtkChartsCore-6.2.so" />
			<Add library="/usr/lib/x86_64-linux-gnu/libvtkChartsCorePython27D-6.2.so" />
			<Add library="/usr/lib/x86_64-linux-gnu/libvtkChartsCoreTCL-6.2.so" />
			<Add library="/usr/lib/x86_64-linux-gnu/libvtkCommonColor-6.2.so" />
			<Add library="/usr/lib/x86_64-linux-gnu/libvtkCommonColorPython27D-6.2.so" />
			<Add library="/usr/lib/x86_64-linux-gnu/libvtkCommonColorTCL-6.2.so" />
			<Add library="/usr/lib/x86_64-linux-gnu/libvtkCommonComputationalGeometry-6.2.so" />
			<Add library="/usr/lib/x86_64-linux-gnu/libvtkCommonComputationalGeometryPython27D-6.2.so" />
			<Add library="/usr/lib/x86_64-linux-gnu/libvtkCommonComputationalGeometryTCL-6.2.so" />
			<Add library="/usr/lib/x86_64-linux-gnu/libvtkCommonCore-6.2.so" />
			<Add library="/usr/lib/x86_64-linux-gnu/libvtkCommonCorePython27D-6.2.so" />
			<Add library="/usr/lib/x86_64-linux-gnu/libvtkCommonCoreTCL-6.2.so" />
			<Add library="/usr/lib/x86_64-linux-gnu/libvtkCommonDataModel-6.2.so" />
			<Add library="/usr/lib/x86_64-linux-gnu/libvtkCommonDataModelPython27D-6.2.so" />
			<Add library="/usr/lib/x86_64-linux-gnu/libvtkCommonDataModelTCL-6.2.so" />
			<Add library="/usr/lib/x86_64-linux-gnu/libvtkCommonExecutionModel-6.2.so" />
			<Add library="/usr/lib/x86_64-linux-gnu/libvtkCommonExecutionModelPython27D-6.2.so" />
			<Add library="/usr/lib/x86_64-linux-gnu/libvtkCommonExecutionModelTCL-6.2.so" />
			<Add library="/usr/lib/x86_64-linux-gnu/libvtkCommonMath-6.2.so" />
			<Add library="/usr/lib/x86_64-linux-gnu/libvtkCommonMathPython27D-6.2.so" />
			<Add library="/usr/lib/x86_64-linux-gnu/libvtkCommonMathTCL-6.2.so" />
			<Add library="/usr/lib/x86_64-linux-gnu/libvtkCommonMisc-6.2.so" />
			<Add library="/usr/lib/x86_64-linux-gnu/libvtkCommonMiscPython27D-6.2.so" />
			<Add library="/usr/lib/x86_64-linux-gnu/libvtkCommonMiscTCL-6.2.so" />
			<Add library="/usr/lib/x86_64-linux-gnu/libvtkCommonSystem-6.2.so" />
			<Add library="/usr/lib/x86_64-linux-gnu/libvtkCommonSystemPython27D-6.2.so" />
			<Add library="/usr/lib/x86_64-linux-gnu/libvtkCommonSystemTCL-6.2.so" />
			<Add library="/usr/lib/x86_64-linux-gnu/libvtkCommonTransforms-6.2.so" />
			<Add library="/usr/lib/x86_64-linux-gnu/libvtkCommonTransformsPython27D-6.2.so" />
			<Add library="/usr/lib/x86_64-linux-gnu/libvtkCommonTransformsTCL-6.2.so" />
			<Add library="/usr/lib/x86_64-linux-gnu/libvtkDICOMParser-6.2.so" />
			<Add library="/usr/lib/x86_64-linux-gnu/libvtkDomainsChemistry-6.2.so" />
			<Add library="/usr/lib/x86_64-linux-gnu/libvtkDomainsChemistryPython27D-6.2.so" />
			<Add library="/usr/lib/x86_64-linux-gnu/libvtkDomainsChemistryTCL-6.2.so" />
			<Add library="/usr/lib/x86_64-linux-gnu/libvtkexoIIc-6.2.so" />
			<Add library="/usr/lib/x86_64-linux-gnu/libvtkFiltersAMR-6.2.so" />
			<Add library="/usr/lib/x86_64-linux-gnu/libvtkFiltersAMRPython27D-6.2.so" />
			<Add library="/usr/lib/x86_64-linux-gnu/libvtkFiltersAMRTCL-6.2.so" />
			<Add library="/usr/lib/x86_64-linux-gnu/libvtkFiltersCore-6.2.so" />
			<Add library="/usr/lib/x86_64-linux-gnu/libvtkFiltersCorePython27D-6.2.so" />
			<Add library="/usr/lib/x86_64-linux-gnu/libvtkFiltersCoreTCL-6.2.so" />
			<Add library="/usr/lib/x86_64-linux-gnu/libvtkFiltersExtraction-6.2.so" />
			<Add library="/usr/lib/x86_64-linux-gnu/libvtkFiltersExtractionPython27D-6.2.so" />
			<Add library="/usr/lib/x86_64-linux-gnu/libvtkFiltersExtractionTCL-6.2.so" />
			<Add library="/usr/lib/x86_64-linux-gnu/libvtkFiltersFlowPaths-6.2.so" />
			<Add library="/usr/lib/x86_64-linux-gnu/libvtkFiltersFlowPathsPython27D-6.2.so" />
			<Add library="/usr/lib/x86_64-linux-gnu/libvtkFiltersFlowPathsTCL-6.2.so" />
			<Add library="/usr/lib/x86_64-linux-gnu/libvtkFiltersGeneral-6.2.so" />
			<Add library="/usr/lib/x86_64-linux-gnu/libvtkFiltersGeneralPython27D-6.2.so" />
			<Add library="/usr/lib/x86_64-linux-gnu/libvtkFiltersGeneralTCL-6.2.so" />
			<Add library="/usr/lib/x86_64-linux-gnu/libvtkFiltersGeneric-6.2.so" />
			<Add library="/usr/lib/x86_64-linux-gnu/libvtkFiltersGenericPython27D-6.2.so" />
			<Add library="/usr/lib/x86_64-linux-gnu/libvtkFiltersGenericTCL-6.2.so" />
			<Add library="/usr/lib/x86_64-linux-gnu/libvtkFiltersGeometry-6.2.so" />
			<Add library="/usr/lib/x86_64-linux-gnu/libvtkFiltersGeometryPython27D-6.2.so" />
			<Add library="/usr/lib/x86_64-linux-gnu/libvtkFiltersGeometryTCL-6.2.so" />
			<Add library="/usr/lib/x86_64-linux-gnu/libvtkFiltersHybrid-6.2.so" />
			<Add library="/usr/lib/x86_64-linux-gnu/libvtkFiltersHybridPython27D-6.2.so" />
			<Add library="/usr/lib/x86_64-linux-gnu/libvtkFiltersHybridTCL-6.2.so" />
			<Add library="/usr/lib/x86_64-linux-gnu/libvtkFiltersHyperTree-6.2.so" />
			<Add library="/usr/lib/x86_64-linux-gnu/libvtkFiltersHyperTreePython27D-6.2.so" />
			<Add library="/usr/lib/x86_64-linux-gnu/libvtkFiltersHyperTreeTCL-6.2.so" />
			<Add library="/usr/lib/x86_64-linux-gnu/libvtkFiltersImaging-6.2.so" />
			<Add library="/usr/lib/x86_64-linux-gnu/libvtkFiltersImagingPython27D-6.2.so" />
			<Add library="/usr/lib/x86_64-linux-gnu/libvtkFiltersImagingTCL-6.2.so" />
			<Add library="/usr/lib/x86_64-linux-gnu/libvtkFiltersModeling-6.2.so" />
			<Add library="/usr/lib/x86_64-linux-gnu/libvtkFiltersModelingPython27D-6.2.so" />
			<Add library="/usr/lib/x86_64-linux-gnu/libvtkFiltersModelingTCL-6.2.so" />
			<Add library="/usr/lib/x86_64-linux-gnu/libvtkFiltersParallel-6.2.so" />
			<Add library="/usr/lib/x86_64-linux-gnu/libvtkFiltersParallelFlowPaths-6.2.so" />
			<Add library="/usr/lib/x86_64-linux-gnu/libvtkFiltersParallelFlowPathsPython27D-6.2.so" />
			<Add library="/usr/lib/x86_64-linux-gnu/libvtkFiltersParallelFlowPathsTCL-6.2.so" />
			<Add library="/usr/lib/x86_64-linux-gnu/libvtkFiltersParallelGeometry-6.2.so" />
			<Add library="/usr/lib/x86_64-linux-gnu/libvtkFiltersParallelGeometryPython27D-6.2.so" />
			<Add library="/usr/lib/x86_64-linux-gnu/libvtkFiltersParallelGeometryTCL-6.2.so" />
			<Add library="/usr/lib/x86_64-linux-gnu/libvtkFiltersParallelImaging-6.2.so" />
			<Add library="/usr/lib/x86_64-linux-gnu/libvtkFiltersParallelImagingPython27D-6.2.so" />
			<Add library="/usr/lib/x86_64-linux-gnu/libvtkFiltersParallelImagingTCL-6.2.so" />
			<Add library="/usr/lib/x86_64-linux-gnu/libvtkFiltersParallelMPI-6.2.so" />
			<Add library="/usr/lib/x86_64-linux-gnu/libvtkFiltersParallelMPIPython27D-6.2.so" />
			<Add library="/usr/lib/x86_64-linux-gnu/libvtkFiltersParallelMPITCL-6.2.so" />
			<Add library="/usr/lib/x86_64-linux-gnu/libvtkFiltersParallelPython27D-6.2.so" />
			<Add library="/usr/lib/x86_64-linux-gnu/libvtkFiltersParallelStatistics-6.2.so" />
			<Add library="/usr/lib/x86_64-linux-gnu/libvtkFiltersParallelStatisticsPython27D-6.2.so" />
			<Add library="/usr/lib/x86_64-linux-gnu/libvtkFiltersParallelStatisticsTCL-6.2.so" />
			<Add library="/usr/lib/x86_64-linux-gnu/libvtkFiltersParallelTCL-6.2.so" />
			<Add library="/usr/lib/x86_64-linux-gnu/libvtkFiltersProgrammable-6.2.so" />
			<Add library="/usr/lib/x86_64-linux-gnu/libvtkFiltersProgrammablePython27D-6.2.so" />
			<Add library="/usr/lib/x86_64-linux-gnu/libvtkFiltersProgrammableTCL-6.2.so" />
			<Add library="/usr/lib/x86_64-linux-gnu/libvtkFiltersPython-6.2.so" />
			<Add library="/usr/lib/x86_64-linux-gnu/libvtkFiltersPythonPython27D-6.2.so" />
			<Add library="/usr/lib/x86_64-linux-gnu/libvtkFiltersReebGraph-6.2.so" />
			<Add library="/usr/lib/x86_64-linux-gnu/libvtkFiltersReebGraphPython27D-6.2.so" />
			<Add library="/usr/lib/x86_64-linux-gnu/libvtkFiltersReebGraphTCL-6.2.so" />
			<Add library="/usr/lib/x86_64-linux-gnu/libvtkFiltersSelection-6.2.so" />
			<Add library="/usr/lib/x86_64-linux-gnu/libvtkFiltersSelectionPython27D-6.2.so" />
			<Add library="/usr/lib/x86_64-linux-gnu/libvtkFiltersSelectionTCL-6.2.so" />
			<Add library="/usr/lib/x86_64-linux-gnu/libvtkFiltersSMP-6.2.so" />
			<Add library="/usr/lib/x86_64-linux-gnu/libvtkFiltersSMPPython27D-6.2.so" />
			<Add library="/usr/lib/x86_64-linux-gnu/libvtkFiltersSMPTCL-6.2.so" />
			<Add library="/usr/lib/x86_64-linux-gnu/libvtkFiltersSources-6.2.so" />
			<Add library="/usr/lib/x86_64-linux-gnu/libvtkFiltersSourcesPython27D-6.2.so" />
			<Add library="/usr/lib/x86_64-linux-gnu/libvtkFiltersSourcesTCL-6.2.so" />
			<Add library="/usr/lib/x86_64-linux-gnu/libvtkFiltersStatistics-6.2.so" />
			<Add library="/usr/lib/x86_64-linux-gnu/libvtkFiltersStatisticsPython27D-6.2.so" />
			<Add library="/usr/lib/x86_64-linux-gnu/libvtkFiltersStatisticsTCL-6.2.so" />
			<Add library="/usr/lib/x86_64-linux-gnu/libvtkFiltersTexture-6.2.so" />
			<Add library="/usr/lib/x86_64-linux-gnu/libvtkFiltersTexturePython27D-6.2.so" />
			<Add library="/usr/lib/x86_64-linux-gnu/libvtkFiltersTextureTCL-6.2.so" />
			<Add library="/usr/lib/x86_64-linux-gnu/libvtkFiltersVerdict-6.2.so" />
			<Add library="/usr/lib/x86_64-linux-gnu/libvtkFiltersVerdictPython27D-6.2.so" />
			<Add library="/usr/lib/x86_64-linux-gnu/libvtkFiltersVerdictTCL-6.2.so" />
			<Add library="/usr/lib/x86_64-linux-gnu/libvtkftgl-6.2.so" />
			<Add library="/usr/lib/x86_64-linux-gnu/libvtkGeovisCore-6.2.so" />
			<Add library="/usr/lib/x86_64-linux-gnu/libvtkGeovisCorePython27D-6.2.so" />
			<Add library="/usr/lib/x86_64-linux-gnu/libvtkGeovisCoreTCL-6.2.so" />
			<Add library="/usr/lib/x86_64-linux-gnu/libvtkGUISupportQt-6.2.so" />
			<Add library="/usr/lib/x86_64-linux-gnu/libvtkGUISupportQtOpenGL-6.2.so" />
			<Add library="/usr/lib/x86_64-linux-gnu/libvtkGUISupportQtSQL-6.2.so" />
			<Add library="/usr/lib/x86_64-linux-gnu/libvtkGUISupportQtWebkit-6.2.so" />
			<Add library="/usr/lib/x86_64-linux-gnu/libvtkImagingColor-6.2.so" />
			<Add library="/usr/lib/x86_64-linux-gnu/libvtkImagingColorPython27D-6.2.so" />
			<Add library="/usr/lib/x86_64-linux-gnu/libvtkImagingColorTCL-6.2.so" />
			<Add library="/usr/lib/x86_64-linux-gnu/libvtkImagingCore-6.2.so" />
			<Add library="/usr/lib/x86_64-linux-gnu/libvtkImagingCorePython27D-6.2.so" />
			<Add library="/usr/lib/x86_64-linux-gnu/libvtkImagingCoreTCL-6.2.so" />
			<Add library="/usr/lib/x86_64-linux-gnu/libvtkImagingFourier-6.2.so" />
			<Add library="/usr/lib/x86_64-linux-gnu/libvtkImagingFourierPython27D-6.2.so" />
			<Add library="/usr/lib/x86_64-linux-gnu/libvtkImagingFourierTCL-6.2.so" />
			<Add library="/usr/lib/x86_64-linux-gnu/libvtkImagingGeneral-6.2.so" />
			<Add library="/usr/lib/x86_64-linux-gnu/libvtkImagingGeneralPython27D-6.2.so" />
			<Add library="/usr/lib/x86_64-linux-gnu/libvtkImagingGeneralTCL-6.2.so" />
			<Add library="/usr/lib/x86_64-linux-gnu/libvtkImagingHybrid-6.2.so" />
			<Add library="/usr/lib/x86_64-linux-gnu/libvtkImagingHybridPython27D-6.2.so" />
			<Add library="/usr/lib/x86_64-linux-gnu/libvtkImagingHybridTCL-6.2.so" />
			<Add library="/usr/lib/x86_64-linux-gnu/libvtkImagingMath-6.2.so" />
			<Add library="/usr/lib/x86_64-linux-gnu/libvtkImagingMathPython27D-6.2.so" />
			<Add library="/usr/lib/x86_64-linux-gnu/libvtkImagingMathTCL-6.2.so" />
			<Add library="/usr/lib/x86_64-linux-gnu/libvtkImagingMorphological-6.2.so" />
			<Add library="/usr/lib/x86_64-linux-gnu/libvtkImagingMorphologicalPython27D-6.2.so" />
			<Add library="/usr/lib/x86_64-linux-gnu/libvtkImagingMorphologicalTCL-6.2.so" />
			<Add library="/usr/lib/x86_64-linux-gnu/libvtkImagingSources-6.2.so" />
			<Add library="/usr/lib/x86_64-linux-gnu/libvtkImagingSourcesPython27D-6.2.so" />
			<Add library="/usr/lib/x86_64-linux-gnu/libvtkImagingSourcesTCL-6.2.so" />
			<Add library="/usr/lib/x86_64-linux-gnu/libvtkImagingStatistics-6.2.so" />
			<Add library="/usr/lib/x86_64-linux-gnu/libvtkImagingStatisticsPython27D-6.2.so" />
			<Add library="/usr/lib/x86_64-linux-gnu/libvtkImagingStatisticsTCL-6.2.so" />
			<Add library="/usr/lib/x86_64-linux-gnu/libvtkImagingStencil-6.2.so" />
			<Add library="/usr/lib/x86_64-linux-gnu/libvtkImagingStencilPython27D-6.2.so" />
			<Add library="/usr/lib/x86_64-linux-gnu/libvtkImagingStencilTCL-6.2.so" />
			<Add library="/usr/lib/x86_64-linux-gnu/libvtkInfovisBoostGraphAlgorithms-6.2.so" />
			<Add library="/usr/lib/x86_64-linux-gnu/libvtkInfovisBoostGraphAlgorithmsPython27D-6.2.so" />
			<Add library="/usr/lib/x86_64-linux-gnu/libvtkInfovisBoostGraphAlgorithmsTCL-6.2.so" />
			<Add library="/usr/lib/x86_64-linux-gnu/libvtkInfovisCore-6.2.so" />
			<Add library="/usr/lib/x86_64-linux-gnu/libvtkInfovisCorePython27D-6.2.so" />
			<Add library="/usr/lib/x86_64-linux-gnu/libvtkInfovisCoreTCL-6.2.so" />
			<Add library="/usr/lib/x86_64-linux-gnu/libvtkInfovisLayout-6.2.so" />
			<Add library="/usr/lib/x86_64-linux-gnu/libvtkInfovisLayoutPython27D-6.2.so" />
			<Add library="/usr/lib/x86_64-linux-gnu/libvtkInfovisLayoutTCL-6.2.so" />
			<Add library="/usr/lib/x86_64-linux-gnu/libvtkInteractionImage-6.2.so" />
			<Add library="/usr/lib/x86_64-linux-gnu/libvtkInteractionImagePython27D-6.2.so" />
			<Add library="/usr/lib/x86_64-linux-gnu/libvtkInteractionImageTCL-6.2.so" />
			<Add library="/usr/lib/x86_64-linux-gnu/libvtkInteractionStyle-6.2.so" />
			<Add library="/usr/lib/x86_64-linux-gnu/libvtkInteractionStylePython27D-6.2.so" />
			<Add library="/usr/lib/x86_64-linux-gnu/libvtkInteractionStyleTCL-6.2.so" />
			<Add library="/usr/lib/x86_64-linux-gnu/libvtkInteractionWidgets-6.2.so" />
			<Add library="/usr/lib/x86_64-linux-gnu/libvtkInteractionWidgetsPython27D-6.2.so" />
			<Add library="/usr/lib/x86_64-linux-gnu/libvtkInteractionWidgetsTCL-6.2.so" />
			<Add library="/usr/lib/x86_64-linux-gnu/libvtkIOAMR-6.2.so" />
			<Add library="/usr/lib/x86_64-linux-gnu/libvtkIOAMRPython27D-6.2.so" />
			<Add library="/usr/lib/x86_64-linux-gnu/libvtkIOAMRTCL-6.2.so" />
			<Add library="/usr/lib/x86_64-linux-gnu/libvtkIOCore-6.2.so" />
			<Add library="/usr/lib/x86_64-linux-gnu/libvtkIOCorePython27D-6.2.so" />
			<Add library="/usr/lib/x86_64-linux-gnu/libvtkIOCoreTCL-6.2.so" />
			<Add library="/usr/lib/x86_64-linux-gnu/libvtkIOEnSight-6.2.so" />
			<Add library="/usr/lib/x86_64-linux-gnu/libvtkIOEnSightPython27D-6.2.so" />
			<Add library="/usr/lib/x86_64-linux-gnu/libvtkIOEnSightTCL-6.2.so" />
			<Add library="/usr/lib/x86_64-linux-gnu/libvtkIOExodus-6.2.so" />
			<Add library="/usr/lib/x86_64-linux-gnu/libvtkIOExodusPython27D-6.2.so" />
			<Add library="/usr/lib/x86_64-linux-gnu/libvtkIOExodusTCL-6.2.so" />
			<Add library="/usr/lib/x86_64-linux-gnu/libvtkIOExport-6.2.so" />
			<Add library="/usr/lib/x86_64-linux-gnu/libvtkIOExportPython27D-6.2.so" />
			<Add library="/usr/lib/x86_64-linux-gnu/libvtkIOExportTCL-6.2.so" />
			<Add library="/usr/lib/x86_64-linux-gnu/libvtkIOFFMPEG-6.2.so" />
			<Add library="/usr/lib/x86_64-linux-gnu/libvtkIOFFMPEGPython27D-6.2.so" />
			<Add library="/usr/lib/x86_64-linux-gnu/libvtkIOFFMPEGTCL-6.2.so" />
			<Add library="/usr/lib/x86_64-linux-gnu/libvtkIOGDAL-6.2.so" />
			<Add library="/usr/lib/x86_64-linux-gnu/libvtkIOGDALPython27D-6.2.so" />
			<Add library="/usr/lib/x86_64-linux-gnu/libvtkIOGDALTCL-6.2.so" />
			<Add library="/usr/lib/x86_64-linux-gnu/libvtkIOGeoJSON-6.2.so" />
			<Add library="/usr/lib/x86_64-linux-gnu/libvtkIOGeoJSONPython27D-6.2.so" />
			<Add library="/usr/lib/x86_64-linux-gnu/libvtkIOGeoJSONTCL-6.2.so" />
			<Add library="/usr/lib/x86_64-linux-gnu/libvtkIOGeometry-6.2.so" />
			<Add library="/usr/lib/x86_64-linux-gnu/libvtkIOGeometryPython27D-6.2.so" />
			<Add library="/usr/lib/x86_64-linux-gnu/libvtkIOGeometryTCL-6.2.so" />
			<Add library="/usr/lib/x86_64-linux-gnu/libvtkIOImage-6.2.so" />
			<Add library="/usr/lib/x86_64-linux-gnu/libvtkIOImagePython27D-6.2.so" />
			<Add library="/usr/lib/x86_64-linux-gnu/libvtkIOImageTCL-6.2.so" />
			<Add library="/usr/lib/x86_64-linux-gnu/libvtkIOImport-6.2.so" />
			<Add library="/usr/lib/x86_64-linux-gnu/libvtkIOImportPython27D-6.2.so" />
			<Add library="/usr/lib/x86_64-linux-gnu/libvtkIOImportTCL-6.2.so" />
			<Add library="/usr/lib/x86_64-linux-gnu/libvtkIOInfovis-6.2.so" />
			<Add library="/usr/lib/x86_64-linux-gnu/libvtkIOInfovisPython27D-6.2.so" />
			<Add library="/usr/lib/x86_64-linux-gnu/libvtkIOInfovisTCL-6.2.so" />
			<Add library="/usr/lib/x86_64-linux-gnu/libvtkIOLegacy-6.2.so" />
			<Add library="/usr/lib/x86_64-linux-gnu/libvtkIOLegacyPython27D-6.2.so" />
			<Add library="/usr/lib/x86_64-linux-gnu/libvtkIOLegacyTCL-6.2.so" />
			<Add library="/usr/lib/x86_64-linux-gnu/libvtkIOLSDyna-6.2.so" />
			<Add library="/usr/lib/x86_64-linux-gnu/libvtkIOLSDynaPython27D-6.2.so" />
			<Add library="/usr/lib/x86_64-linux-gnu/libvtkIOLSDynaTCL-6.2.so" />
			<Add library="/usr/lib/x86_64-linux-gnu/libvtkIOMINC-6.2.so" />
			<Add library="/usr/lib/x86_64-linux-gnu/libvtkIOMINCPython27D-6.2.so" />
			<Add library="/usr/lib/x86_64-linux-gnu/libvtkIOMINCTCL-6.2.so" />
			<Add library="/usr/lib/x86_64-linux-gnu/libvtkIOMovie-6.2.so" />
			<Add library="/usr/lib/x86_64-linux-gnu/libvtkIOMoviePython27D-6.2.so" />
			<Add library="/usr/lib/x86_64-linux-gnu/libvtkIOMovieTCL-6.2.so" />
			<Add library="/usr/lib/x86_64-linux-gnu/libvtkIOMPIImage-6.2.so" />
			<Add library="/usr/lib/x86_64-linux-gnu/libvtkIOMPIImagePython27D-6.2.so" />
			<Add library="/usr/lib/x86_64-linux-gnu/libvtkIOMPIImageTCL-6.2.so" />
			<Add library="/usr/lib/x86_64-linux-gnu/libvtkIOMPIParallel-6.2.so" />
			<Add library="/usr/lib/x86_64-linux-gnu/libvtkIOMPIParallelPython27D-6.2.so" />
			<Add library="/usr/lib/x86_64-linux-gnu/libvtkIOMPIParallelTCL-6.2.so" />
			<Add library="/usr/lib/x86_64-linux-gnu/libvtkIOMySQL-6.2.so" />
			<Add library="/usr/lib/x86_64-linux-gnu/libvtkIOMySQLPython27D-6.2.so" />
			<Add library="/usr/lib/x86_64-linux-gnu/libvtkIOMySQLTCL-6.2.so" />
			<Add library="/usr/lib/x86_64-linux-gnu/libvtkIONetCDF-6.2.so" />
			<Add library="/usr/lib/x86_64-linux-gnu/libvtkIONetCDFPython27D-6.2.so" />
			<Add library="/usr/lib/x86_64-linux-gnu/libvtkIONetCDFTCL-6.2.so" />
			<Add library="/usr/lib/x86_64-linux-gnu/libvtkIOODBC-6.2.so" />
			<Add library="/usr/lib/x86_64-linux-gnu/libvtkIOODBCPython27D-6.2.so" />
			<Add library="/usr/lib/x86_64-linux-gnu/libvtkIOODBCTCL-6.2.so" />
			<Add library="/usr/lib/x86_64-linux-gnu/libvtkIOParallel-6.2.so" />
			<Add library="/usr/lib/x86_64-linux-gnu/libvtkIOParallelExodus-6.2.so" />
			<Add library="/usr/lib/x86_64-linux-gnu/libvtkIOParallelExodusPython27D-6.2.so" />
			<Add library="/usr/lib/x86_64-linux-gnu/libvtkIOParallelExodusTCL-6.2.so" />
			<Add library="/usr/lib/x86_64-linux-gnu/libvtkIOParallelLSDyna-6.2.so" />
			<Add library="/usr/lib/x86_64-linux-gnu/libvtkIOParallelLSDynaPython27D-6.2.so" />
			<Add library="/usr/lib/x86_64-linux-gnu/libvtkIOParallelLSDynaTCL-6.2.so" />
			<Add library="/usr/lib/x86_64-linux-gnu/libvtkIOParallelNetCDF-6.2.so" />
			<Add library="/usr/lib/x86_64-linux-gnu/libvtkIOParallelNetCDFPython27D-6.2.so" />
			<Add library="/usr/lib/x86_64-linux-gnu/libvtkIOParallelNetCDFTCL-6.2.so" />
			<Add library="/usr/lib/x86_64-linux-gnu/libvtkIOParallelPython27D-6.2.so" />
			<Add library="/usr/lib/x86_64-linux-gnu/libvtkIOParallelTCL-6.2.so" />
			<Add library="/usr/lib/x86_64-linux-gnu/libvtkIOParallelXML-6.2.so" />
			<Add library="/usr/lib/x86_64-linux-gnu/libvtkIOParallelXMLPython27D-6.2.so" />
			<Add library="/usr/lib/x86_64-linux-gnu/libvtkIOParallelXMLTCL-6.2.so" />
			<Add library="/usr/lib/x86_64-linux-gnu/libvtkIOPLY-6.2.so" />
			<Add library="/usr/lib/x86_64-linux-gnu/libvtkIOPLYPython27D-6.2.so" />
			<Add library="/usr/lib/x86_64-linux-gnu/libvtkIOPLYTCL-6.2.so" />
			<Add library="/usr/lib/x86_64-linux-gnu/libvtkIOPostgreSQL-6.2.so" />
			<Add library="/usr/lib/x86_64-linux-gnu/libvtkIOPostgreSQLPython27D-6.2.so" />
			<Add library="/usr/lib/x86_64-linux-gnu/libvtkIOPostgreSQLTCL-6.2.so" />
			<Add library="/usr/lib/x86_64-linux-gnu/libvtkIOSQL-6.2.so" />
			<Add library="/usr/lib/x86_64-linux-gnu/libvtkIOSQLPython27D-6.2.so" />
			<Add library="/usr/lib/x86_64-linux-gnu/libvtkIOSQLTCL-6.2.so" />
			<Add library="/usr/lib/x86_64-linux-gnu/libvtkIOVideo-6.2.so" />
			<Add library="/usr/lib/x86_64-linux-gnu/libvtkIOVideoPython27D-6.2.so" />
			<Add library="/usr/lib/x86_64-linux-gnu/libvtkIOVideoTCL-6.2.so" />
			<Add library="/usr/lib/x86_64-linux-gnu/libvtkIOVPIC-6.2.so" />
			<Add library="/usr/lib/x86_64-linux-gnu/libvtkIOVPICPython27D-6.2.so" />
			<Add library="/usr/lib/x86_64-linux-gnu/libvtkIOVPICTCL-6.2.so" />
			<Add library="/usr/lib/x86_64-linux-gnu/libvtkIOXdmf2-6.2.so" />
			<Add library="/usr/lib/x86_64-linux-gnu/libvtkIOXdmf2Python27D-6.2.so" />
			<Add library="/usr/lib/x86_64-linux-gnu/libvtkIOXdmfIITCL-6.2.so" />
			<Add library="/usr/lib/x86_64-linux-gnu/libvtkIOXML-6.2.so" />
			<Add library="/usr/lib/x86_64-linux-gnu/libvtkIOXMLParser-6.2.so" />
			<Add library="/usr/lib/x86_64-linux-gnu/libvtkIOXMLParserPython27D-6.2.so" />
			<Add library="/usr/lib/x86_64-linux-gnu/libvtkIOXMLParserTCL-6.2.so" />
			<Add library="/usr/lib/x86_64-linux-gnu/libvtkIOXMLPython27D-6.2.so" />
			<Add library="/usr/lib/x86_64-linux-gnu/libvtkIOXMLTCL-6.2.so" />
			<Add library="/usr/lib/x86_64-linux-gnu/libvtkLocalExample-6.2.so" />
			<Add library="/usr/lib/x86_64-linux-gnu/libvtkLocalExampleTCL-6.2.so" />
			<Add library="/usr/lib/x86_64-linux-gnu/libvtkmetaio-6.2.so" />
			<Add library="/usr/lib/x86_64-linux-gnu/libvtkParallelCore-6.2.so" />
			<Add library="/usr/lib/x86_64-linux-gnu/libvtkParallelCorePython27D-6.2.so" />
			<Add library="/usr/lib/x86_64-linux-gnu/libvtkParallelCoreTCL-6.2.so" />
			<Add library="/usr/lib/x86_64-linux-gnu/libvtkParallelMPI4Py-6.2.so" />
			<Add library="/usr/lib/x86_64-linux-gnu/libvtkParallelMPI4PyPython27D-6.2.so" />
			<Add library="/usr/lib/x86_64-linux-gnu/libvtkParallelMPI-6.2.so" />
			<Add library="/usr/lib/x86_64-linux-gnu/libvtkParallelMPIPython27D-6.2.so" />
			<Add library="/usr/lib/x86_64-linux-gnu/libvtkParallelMPITCL-6.2.so" />
			<Add library="/usr/lib/x86_64-linux-gnu/libvtkproj4-6.2.so" />
			<Add library="/usr/lib/x86_64-linux-gnu/libvtkPythonInterpreter-6.2.so" />
			<Add library="/usr/lib/x86_64-linux-gnu/libvtkPythonInterpreterPython27D-6.2.so" />
			<Add library="/usr/lib/x86_64-linux-gnu/libvtkPythonInterpreterTCL-6.2.so" />
			<Add library="/usr/lib/x86_64-linux-gnu/libvtkRenderingAnnotation-6.2.so" />
			<Add library="/usr/lib/x86_64-linux-gnu/libvtkRenderingAnnotationPython27D-6.2.so" />
			<Add library="/usr/lib/x86_64-linux-gnu/libvtkRenderingAnnotationTCL-6.2.so" />
			<Add library="/usr/lib/x86_64-linux-gnu/libvtkRenderingContext2D-6.2.so" />
			<Add library="/usr/lib/x86_64-linux-gnu/libvtkRenderingContext2DPython27D-6.2.so" />
			<Add library="/usr/lib/x86_64-linux-gnu/libvtkRenderingContextIIDTCL-6.2.so" />
			<Add library="/usr/lib/x86_64-linux-gnu/libvtkRenderingContextOpenGL-6.2.so" />
			<Add library="/usr/lib/x86_64-linux-gnu/libvtkRenderingContextOpenGLPython27D-6.2.so" />
			<Add library="/usr/lib/x86_64-linux-gnu/libvtkRenderingContextOpenGLTCL-6.2.so" />
			<Add library="/usr/lib/x86_64-linux-gnu/libvtkRenderingCore-6.2.so" />
			<Add library="/usr/lib/x86_64-linux-gnu/libvtkRenderingCorePython27D-6.2.so" />
			<Add library="/usr/lib/x86_64-linux-gnu/libvtkRenderingCoreTCL-6.2.so" />
			<Add library="/usr/lib/x86_64-linux-gnu/libvtkRenderingExternal-6.2.so" />
			<Add library="/usr/lib/x86_64-linux-gnu/libvtkRenderingExternalPython27D-6.2.so" />
			<Add library="/usr/lib/x86_64-linux-gnu/libvtkRenderingExternalTCL-6.2.so" />
			<Add library="/usr/lib/x86_64-linux-gnu/libvtkRenderingFreeType-6.2.so" />
			<Add library="/usr/lib/x86_64-linux-gnu/libvtkRenderingFreeTypeFontConfig-6.2.so" />
			<Add library="/usr/lib/x86_64-linux-gnu/libvtkRenderingFreeTypeOpenGL-6.2.so" />
			<Add library="/usr/lib/x86_64-linux-gnu/libvtkRenderingFreeTypeOpenGLPython27D-6.2.so" />
			<Add library="/usr/lib/x86_64-linux-gnu/libvtkRenderingFreeTypeOpenGLTCL-6.2.so" />
			<Add library="/usr/lib/x86_64-linux-gnu/libvtkRenderingFreeTypePython27D-6.2.so" />
			<Add library="/usr/lib/x86_64-linux-gnu/libvtkRenderingFreeTypeTCL-6.2.so" />
			<Add library="/usr/lib/x86_64-linux-gnu/libvtkRenderingGL2PS-6.2.so" />
			<Add library="/usr/lib/x86_64-linux-gnu/libvtkRenderingGL2PSPython27D-6.2.so" />
			<Add library="/usr/lib/x86_64-linux-gnu/libvtkRenderingGLtoPSTCL-6.2.so" />
			<Add library="/usr/lib/x86_64-linux-gnu/libvtkRenderingImage-6.2.so" />
			<Add library="/usr/lib/x86_64-linux-gnu/libvtkRenderingImagePython27D-6.2.so" />
			<Add library="/usr/lib/x86_64-linux-gnu/libvtkRenderingImageTCL-6.2.so" />
			<Add library="/usr/lib/x86_64-linux-gnu/libvtkRenderingLabel-6.2.so" />
			<Add library="/usr/lib/x86_64-linux-gnu/libvtkRenderingLabelPython27D-6.2.so" />
			<Add library="/usr/lib/x86_64-linux-gnu/libvtkRenderingLabelTCL-6.2.so" />
			<Add library="/usr/lib/x86_64-linux-gnu/libvtkRenderingLIC-6.2.so" />
			<Add library="/usr/lib/x86_64-linux-gnu/libvtkRenderingLICPython27D-6.2.so" />
			<Add library="/usr/lib/x86_64-linux-gnu/libvtkRenderingLICTCL-6.2.so" />
			<Add library="/usr/lib/x86_64-linux-gnu/libvtkRenderingLOD-6.2.so" />
			<Add library="/usr/lib/x86_64-linux-gnu/libvtkRenderingLODPython27D-6.2.so" />
			<Add library="/usr/lib/x86_64-linux-gnu/libvtkRenderingLODTCL-6.2.so" />
			<Add library="/usr/lib/x86_64-linux-gnu/libvtkRenderingMatplotlib-6.2.so" />
			<Add library="/usr/lib/x86_64-linux-gnu/libvtkRenderingMatplotlibPython27D-6.2.so" />
			<Add library="/usr/lib/x86_64-linux-gnu/libvtkRenderingMatplotlibTCL-6.2.so" />
			<Add library="/usr/lib/x86_64-linux-gnu/libvtkRenderingOpenGL-6.2.so" />
			<Add library="/usr/lib/x86_64-linux-gnu/libvtkRenderingOpenGLPython27D-6.2.so" />
			<Add library="/usr/lib/x86_64-linux-gnu/libvtkRenderingOpenGLTCL-6.2.so" />
			<Add library="/usr/lib/x86_64-linux-gnu/libvtkRenderingParallel-6.2.so" />
			<Add library="/usr/lib/x86_64-linux-gnu/libvtkRenderingParallelLIC-6.2.so" />
			<Add library="/usr/lib/x86_64-linux-gnu/libvtkRenderingParallelLICPython27D-6.2.so" />
			<Add library="/usr/lib/x86_64-linux-gnu/libvtkRenderingParallelLICTCL-6.2.so" />
			<Add library="/usr/lib/x86_64-linux-gnu/libvtkRenderingParallelPython27D-6.2.so" />
			<Add library="/usr/lib/x86_64-linux-gnu/libvtkRenderingParallelTCL-6.2.so" />
			<Add library="/usr/lib/x86_64-linux-gnu/libvtkRenderingQt-6.2.so" />
			<Add library="/usr/lib/x86_64-linux-gnu/libvtkRenderingQtPython27D-6.2.so" />
			<Add library="/usr/lib/x86_64-linux-gnu/libvtkRenderingQtTCL-6.2.so" />
			<Add library="/usr/lib/x86_64-linux-gnu/libvtkRenderingTkTCL-6.2.so" />
			<Add library="/usr/lib/x86_64-linux-gnu/libvtkRenderingVolume-6.2.so" />
			<Add library="/usr/lib/x86_64-linux-gnu/libvtkRenderingVolumeOpenGL-6.2.so" />
			<Add library="/usr/lib/x86_64-linux-gnu/libvtkRenderingVolumeOpenGLPython27D-6.2.so" />
			<Add library="/usr/lib/x86_64-linux-gnu/libvtkRenderingVolumeOpenGLTCL-6.2.so" />
			<Add library="/usr/lib/x86_64-linux-gnu/libvtkRenderingVolumePython27D-6.2.so" />
			<Add library="/usr/lib/x86_64-linux-gnu/libvtkRenderingVolumeTCL-6.2.so" />
			<Add library="/usr/lib/x86_64-linux-gnu/libvtksys-6.2.so" />
			<Add library="/usr/lib/x86_64-linux-gnu/libvtkTestingGenericBridge-6.2.so" />
			<Add library="/usr/lib/x86_64-linux-gnu/libvtkTestingIOSQL-6.2.so" />
			<Add library="/usr/lib/x86_64-linux-gnu/libvtkTestingRendering-6.2.so" />
			<Add library="/usr/lib/x86_64-linux-gnu/libvtkTestingRenderingPython27D-6.2.so" />
			<Add library="/usr/lib/x86_64-linux-gnu/libvtkTestingRenderingTCL-6.2.so" />
			<Add library="/usr/lib/x86_64-linux-gnu/libvtkverdict-6.2.so" />
			<Add library="/usr/lib/x86_64-linux-gnu/libvtkViewsContext2D-6.2.so" />
			<Add library="/usr/lib/x86_64-linux-gnu/libvtkViewsContext2DPython27D-6.2.so" />
			<Add library="/usr/lib/x86_64-linux-gnu/libvtkViewsContextIIDTCL-6.2.so" />
			<Add library="/usr/lib/x86_64-linux-gnu/libvtkViewsCore-6.2.so" />
			<Add library="/usr/lib/x86_64-linux-gnu/libvtkViewsCorePython27D-6.2.so" />
			<Add library="/usr/lib/x86_64-linux-gnu/libvtkViewsCoreTCL-6.2.so" />
			<Add library="/usr/lib/x86_64-linux-gnu/libvtkViewsGeovis-6.2.so" />
			<Add library="/usr/lib/x86_64-linux-gnu/libvtkViewsGeovisPython27D-6.2.so" />
			<Add library="/usr/lib/x86_64-linux-gnu/libvtkViewsGeovisTCL-6.2.so" />
			<Add library="/usr/lib/x86_64-linux-gnu/libvtkViewsInfovis-6.2.so" />
			<Add library="/usr/lib/x86_64-linux-gnu/libvtkViewsInfovisPython27D-6.2.so" />
			<Add library="/usr/lib/x86_64-linux-gnu/libvtkViewsInfovisTCL-6.2.so" />
			<Add library="/usr/lib/x86_64-linux-gnu/libvtkViewsQt-6.2.so" />
			<Add library="/usr/lib/x86_64-linux-gnu/libvtkVPIC-6.2.so" />
			<Add library="/usr/lib/x86_64-linux-gnu/libvtkWrappingJava-6.2.so" />
			<Add library="/usr/lib/x86_64-linux-gnu/libvtkWrappingPython27Core-6.2.so" />
			<Add library="/usr/lib/x86_64-linux-gnu/libvtkxdmf2-6.2.so" />
			<Add library="/usr/lib/x86_64-linux-gnu/libpcl_common.so" />
			<Add library="/usr/lib/x86_64-linux-gnu/libpcl_features.so" />
			<Add library="/usr/lib/x86_64-linux-gnu/libpcl_filters.so" />
			<Add library="/usr/lib/x86_64-linux-gnu/libpcl_io.so" />
			<Add library="/usr/lib/x86_64-linux-gnu/libpcl_io_ply.so" />
			<Add library="/usr/lib/x86_64-linux-gnu/libpcl_kdtree.so" />
			<Add library="/usr/lib/x86_64-linux-gnu/libpcl_keypoints.so" />
			<Add library="/usr/lib/x86_64-linux-gnu/libpcl_octree.so" />
			<Add library="/usr/lib/x86_64-linux-gnu/libpcl_outofcore.so" />
			<Add library="/usr/lib/x86_64-linux-gnu/libpcl_people.so" />
			<Add library="/usr/lib/x86_64-linux-gnu/libpcl_recognition.so" />
			<Add library="/usr/lib/x86_64-linux-gnu/libpcl_registration.so" />
			<Add library="/usr/lib/x86_64-linux-gnu/libpcl_sample_consensus.so" />
			<Add library="/usr/lib/x86_64-linux-gnu/libpcl_search.so" />
			<Add library="/usr/lib/x86_64-linux-gnu/libpcl_segmentation.so" />
			<Add library="/usr/lib/x86_64-linux-gnu/libpcl_surface.so" />
			<Add library="/usr/lib/x86_64-linux-gnu/libpcl_tracking.so" />
			<Add library="/usr/lib/x86_64-linux-gnu/libpcl_visualization.so" />
			<Add library="/usr/lib/x86_64-linux-gnu/libboost_thread.so" />
			<Add library="/usr/lib/x86_64-linux-gnu/libthread_db.so" />
			<Add library="/usr/lib/x86_64-linux-gnu/libboost_filesystem.so" />
			<Add library="/usr/lib/x86_64-linux-gnu/libboost_iostreams.so" />
			<Add library="/usr/lib/x86_64-linux-gnu/libboost_system.so" />
			<Add library="lib/liblas.a" />
		</Linker>
		<Unit filename="main.cpp" />
		<Unit filename="simple_ls.cpp" />
		<Unit filename="simple_ls.hpp" />
		<Extensions>
			<code_completion />
			<envvars />
			<lib_finder disable_auto="1" />
			<debugger />
		</Extensions>
	</Project>
</CodeBlocks_project_file>
